<?xml version="1.0" encoding="utf-8"?>
<Project ToolsVersion="4.0" xmlns="http://schemas.microsoft.com/developer/msbuild/2003">
  <ItemGroup>
    <ClInclude Include="main.h" />
    <ClInclude Include="deck.h" />
    <ClInclude Include="game.h" />
    <ClInclude Include="monster.h" />
    <ClInclude Include="parameters.h" />
    <ClInclude Include="util.h" />
  </ItemGroup>
  <ItemGroup>
    <ClCompile Include="main.cpp" />
    <ClCompile Include="deck.cpp" />
    <ClCompile Include="game.cpp" />
    <ClCompile Include="monster.cpp" />
    <ClCompile Include="parameters.cpp" />
    <ClCompile Include="util.cpp" />
  </ItemGroup>
  <ItemGroup>
    <Text Include="defaultParams.txt" />
  </ItemGroup>
</Project>